// !$*UTF8*$!
{
	archiveVersion = 1;
	classes = {
	};
	objectVersion = 56;
	objects = {

/* Begin PBXBuildFile section */
		0086C9BFDE043BD5E65AED6C /* TransactionAllocation.swift in Sources */ = {isa = PBXBuildFile; fileRef = D4B2BE150C85F672A42D4B73 /* TransactionAllocation.swift */; };
		0BB1920308E41E8F573918BD /* Debt.swift in Sources */ = {isa = PBXBuildFile; fileRef = 049950824A4A647CD9DCBF71 /* Debt.swift */; };
		1A000030 /* BudgetInsightApp.swift in Sources */ = {isa = PBXBuildFile; fileRef = 1A000002 /* BudgetInsightApp.swift */; };
		1A000031 /* ContentView.swift in Sources */ = {isa = PBXBuildFile; fileRef = 1A000004 /* ContentView.swift */; };
		1A000032 /* Assets.xcassets in Resources */ = {isa = PBXBuildFile; fileRef = 1A000006 /* Assets.xcassets */; };
		1A000033 /* DashboardView.swift in Sources */ = {isa = PBXBuildFile; fileRef = 1A000008 /* DashboardView.swift */; };
		1A000035 /* Transaction.swift in Sources */ = {isa = PBXBuildFile; fileRef = 1A00000C /* Transaction.swift */; };
		1A000037 /* DashboardViewModel.swift in Sources */ = {isa = PBXBuildFile; fileRef = 1A000010 /* DashboardViewModel.swift */; };
		1A000038 /* KeychainService.swift in Sources */ = {isa = PBXBuildFile; fileRef = 1A000012 /* KeychainService.swift */; };
		1A000039 /* BudgetService.swift in Sources */ = {isa = PBXBuildFile; fileRef = 1A000014 /* BudgetService.swift */; };
		1A00003A /* CategoryCard.swift in Sources */ = {isa = PBXBuildFile; fileRef = 1A000016 /* CategoryCard.swift */; };
		1A00003E /* TransactionStorageService.swift in Sources */ = {isa = PBXBuildFile; fileRef = 1A000044 /* TransactionStorageService.swift */; };
		1A000040 /* ManualEntryView.swift in Sources */ = {isa = PBXBuildFile; fileRef = 1A000048 /* ManualEntryView.swift */; };
		1CD1A1B56AA728C87AFB942E /* DebtService.swift in Sources */ = {isa = PBXBuildFile; fileRef = DF9DBF7F264C2F518E52B125 /* DebtService.swift */; };
		22FAC9F59FEC92C48CD8FB82 /* AllocationService.swift in Sources */ = {isa = PBXBuildFile; fileRef = 92BA0EBBD9009CE02A0CC43E /* AllocationService.swift */; };
		27E7286EBB14B82EF51DBB7E /* Fund.swift in Sources */ = {isa = PBXBuildFile; fileRef = 3677BCF0A539CB986B5C63FD /* Fund.swift */; };
		4731ECEAC2C7CCF59B3E2F1A /* FundDetailView.swift in Sources */ = {isa = PBXBuildFile; fileRef = A7AAF4163D8BBD77E2A153FD /* FundDetailView.swift */; };
		4ED36309FA7E70E345CCFA57 /* DebtDetailView.swift in Sources */ = {isa = PBXBuildFile; fileRef = ABE3D54C69884491F123DF6B /* DebtDetailView.swift */; };
		879C74220C88B0CF078C4BC0 /* PerennialView.swift in Sources */ = {isa = PBXBuildFile; fileRef = 73E0DAAE7F3A4695195AF185 /* PerennialView.swift */; };
		91633780F11A36DA7BAC8026 /* MonthEndBalancingView.swift in Sources */ = {isa = PBXBuildFile; fileRef = BE78E7916D7B97B1AC7FD227 /* MonthEndBalancingView.swift */; };
		CC762D2D2F0383EE00DB650A /* EditTransactionView.swift in Sources */ = {isa = PBXBuildFile; fileRef = CC762D2C2F0383EE00DB650A /* EditTransactionView.swift */; };
		CCF1921A2EFF46B90053873B /* PeriodSnapshot.swift in Sources */ = {isa = PBXBuildFile; fileRef = CCF192182EFF46B90053873B /* PeriodSnapshot.swift */; };
		CCF1921B2EFF46B90053873B /* UserIncome.swift in Sources */ = {isa = PBXBuildFile; fileRef = CCF192192EFF46B90053873B /* UserIncome.swift */; };
		CCF1921D2EFF46B90053873B /* BudgetCategory.swift in Sources */ = {isa = PBXBuildFile; fileRef = CCF192172EFF46B90053873B /* BudgetCategory.swift */; };
		CCF1921E2EFFNEW1 /* BudgetPlan.swift in Sources */ = {isa = PBXBuildFile; fileRef = CCF192372EFFNEW1 /* BudgetPlan.swift */; };
		CCF192262EFF46E10053873B /* CalendarView.swift in Sources */ = {isa = PBXBuildFile; fileRef = CCF1921E2EFF46E10053873B /* CalendarView.swift */; };
		CCF192272EFF46E10053873B /* MyBudgetView.swift in Sources */ = {isa = PBXBuildFile; fileRef = CCF192252EFF46E10053873B /* MyBudgetView.swift */; };
		CCF192282EFF46E10053873B /* CircularProgressRing.swift in Sources */ = {isa = PBXBuildFile; fileRef = CCF1921F2EFF46E10053873B /* CircularProgressRing.swift */; };
		CCF192292EFF46E10053873B /* DashboardCategoryCard.swift in Sources */ = {isa = PBXBuildFile; fileRef = CCF192202EFF46E10053873B /* DashboardCategoryCard.swift */; };
		CCF19229TRNEW1 /* TransactionRowView.swift in Sources */ = {isa = PBXBuildFile; fileRef = CCF19220TRNEW1 /* TransactionRowView.swift */; };
		CCF1922A2EFF46E10053873B /* MainTabView.swift in Sources */ = {isa = PBXBuildFile; fileRef = CCF192242EFF46E10053873B /* MainTabView.swift */; };
		CCF1922B2EFF46E10053873B /* GraphView.swift in Sources */ = {isa = PBXBuildFile; fileRef = CCF192212EFF46E10053873B /* GraphView.swift */; };
		CCF1922C2EFF46E10053873B /* GrandSchemeView.swift in Sources */ = {isa = PBXBuildFile; fileRef = CCF192232EFF46E10053873B /* GrandSchemeView.swift */; };
		CCF1922F2EFF46F60053873B /* BudgetViewModel.swift in Sources */ = {isa = PBXBuildFile; fileRef = CCF1922D2EFF46F60053873B /* BudgetViewModel.swift */; };
		CCF192302EFF46F60053873B /* HistoryViewModel.swift in Sources */ = {isa = PBXBuildFile; fileRef = CCF1922E2EFF46F60053873B /* HistoryViewModel.swift */; };
		CCF192332EFF47050053873B /* SnapshotService.swift in Sources */ = {isa = PBXBuildFile; fileRef = CCF192312EFF47050053873B /* SnapshotService.swift */; };
		CCF192342EFF47050053873B /* TaxService.swift in Sources */ = {isa = PBXBuildFile; fileRef = CCF192322EFF47050053873B /* TaxService.swift */; };
		CCF192352EFF47060053873B /* BackendService.swift in Sources */ = {isa = PBXBuildFile; fileRef = CCF192362EFF47060053873B /* BackendService.swift */; };
		CCF2FC3A2F0640A300DC07DC /* MonthEndBalance.swift in Sources */ = {isa = PBXBuildFile; fileRef = CCF2FC382F0640A300DC07DC /* MonthEndBalance.swift */; };
		CCF2FC3B2F0640A300DC07DC /* MonthWrappedStats.swift in Sources */ = {isa = PBXBuildFile; fileRef = CCF2FC392F0640A300DC07DC /* MonthWrappedStats.swift */; };
		CCF2FC3C2F0640A300DC07DC /* BalancingDestination.swift in Sources */ = {isa = PBXBuildFile; fileRef = CCF2FC372F0640A300DC07DC /* BalancingDestination.swift */; };
		CCF2FC3E2F0640E800DC07DC /* MonthEndBalancingService.swift in Sources */ = {isa = PBXBuildFile; fileRef = CCF2FC3D2F0640E800DC07DC /* MonthEndBalancingService.swift */; };
		CCF2FC472F06414C00DC07DC /* ReviewDataView.swift in Sources */ = {isa = PBXBuildFile; fileRef = CCF2FC442F06414C00DC07DC /* ReviewDataView.swift */; };
		CCF2FC482F06414C00DC07DC /* MonthWrappedView.swift in Sources */ = {isa = PBXBuildFile; fileRef = CCF2FC432F06414C00DC07DC /* MonthWrappedView.swift */; };
		CCF2FC492F06414C00DC07DC /* BalancingSummaryView.swift in Sources */ = {isa = PBXBuildFile; fileRef = CCF2FC412F06414C00DC07DC /* BalancingSummaryView.swift */; };
		CCF2FC4A2F06414C00DC07DC /* BackendRegistrationView.swift in Sources */ = {isa = PBXBuildFile; fileRef = CCF2FC3F2F06414C00DC07DC /* BackendRegistrationView.swift */; };
		CCF2FC4D2F0641E700DC07DC /* CategoryBalance.swift in Sources */ = {isa = PBXBuildFile; fileRef = CCF2FC4C2F0641E700DC07DC /* CategoryBalance.swift */; };
		CCF2FC4F2F0641FC00DC07DC /* MonthEndBalancingViewModel.swift in Sources */ = {isa = PBXBuildFile; fileRef = CCF2FC4E2F0641FC00DC07DC /* MonthEndBalancingViewModel.swift */; };
		CF8860D17823D2D67FC6BE07 /* FundService.swift in Sources */ = {isa = PBXBuildFile; fileRef = BA4D4D040B401A2E2324017C /* FundService.swift */; };
/* End PBXBuildFile section */

/* Begin PBXFileReference section */
		049950824A4A647CD9DCBF71 /* Debt.swift */ = {isa = PBXFileReference; lastKnownFileType = sourcecode.swift; path = Debt.swift; sourceTree = "<group>"; };
		1A000001 /* BudgetInsight.app */ = {isa = PBXFileReference; explicitFileType = wrapper.application; includeInIndex = 0; path = BudgetInsight.app; sourceTree = BUILT_PRODUCTS_DIR; };
		1A000002 /* BudgetInsightApp.swift */ = {isa = PBXFileReference; lastKnownFileType = sourcecode.swift; path = BudgetInsightApp.swift; sourceTree = "<group>"; };
		1A000004 /* ContentView.swift */ = {isa = PBXFileReference; lastKnownFileType = sourcecode.swift; path = ContentView.swift; sourceTree = "<group>"; };
		1A000006 /* Assets.xcassets */ = {isa = PBXFileReference; lastKnownFileType = folder.assetcatalog; path = Assets.xcassets; sourceTree = "<group>"; };
		1A000008 /* DashboardView.swift */ = {isa = PBXFileReference; lastKnownFileType = sourcecode.swift; path = DashboardView.swift; sourceTree = "<group>"; };
		1A00000C /* Transaction.swift */ = {isa = PBXFileReference; lastKnownFileType = sourcecode.swift; path = Transaction.swift; sourceTree = "<group>"; };
		1A000010 /* DashboardViewModel.swift */ = {isa = PBXFileReference; lastKnownFileType = sourcecode.swift; path = DashboardViewModel.swift; sourceTree = "<group>"; };
		1A000012 /* KeychainService.swift */ = {isa = PBXFileReference; lastKnownFileType = sourcecode.swift; path = KeychainService.swift; sourceTree = "<group>"; };
		1A000014 /* BudgetService.swift */ = {isa = PBXFileReference; lastKnownFileType = sourcecode.swift; path = BudgetService.swift; sourceTree = "<group>"; };
		1A000016 /* CategoryCard.swift */ = {isa = PBXFileReference; lastKnownFileType = sourcecode.swift; path = CategoryCard.swift; sourceTree = "<group>"; };
		1A000044 /* TransactionStorageService.swift */ = {isa = PBXFileReference; lastKnownFileType = sourcecode.swift; path = TransactionStorageService.swift; sourceTree = "<group>"; };
		1A000048 /* ManualEntryView.swift */ = {isa = PBXFileReference; lastKnownFileType = sourcecode.swift; path = ManualEntryView.swift; sourceTree = "<group>"; };
		3677BCF0A539CB986B5C63FD /* Fund.swift */ = {isa = PBXFileReference; lastKnownFileType = sourcecode.swift; path = Fund.swift; sourceTree = "<group>"; };
		73E0DAAE7F3A4695195AF185 /* PerennialView.swift */ = {isa = PBXFileReference; lastKnownFileType = sourcecode.swift; path = PerennialView.swift; sourceTree = "<group>"; };
		92BA0EBBD9009CE02A0CC43E /* AllocationService.swift */ = {isa = PBXFileReference; lastKnownFileType = sourcecode.swift; path = AllocationService.swift; sourceTree = "<group>"; };
		A7AAF4163D8BBD77E2A153FD /* FundDetailView.swift */ = {isa = PBXFileReference; lastKnownFileType = sourcecode.swift; path = FundDetailView.swift; sourceTree = "<group>"; };
		ABE3D54C69884491F123DF6B /* DebtDetailView.swift */ = {isa = PBXFileReference; lastKnownFileType = sourcecode.swift; path = DebtDetailView.swift; sourceTree = "<group>"; };
		BA4D4D040B401A2E2324017C /* FundService.swift */ = {isa = PBXFileReference; lastKnownFileType = sourcecode.swift; path = FundService.swift; sourceTree = "<group>"; };
		BE78E7916D7B97B1AC7FD227 /* MonthEndBalancingView.swift */ = {isa = PBXFileReference; lastKnownFileType = sourcecode.swift; path = MonthEndBalancingView.swift; sourceTree = "<group>"; };
		CC762D2C2F0383EE00DB650A /* EditTransactionView.swift */ = {isa = PBXFileReference; lastKnownFileType = sourcecode.swift; path = EditTransactionView.swift; sourceTree = "<group>"; };
		CCF192172EFF46B90053873B /* BudgetCategory.swift */ = {isa = PBXFileReference; lastKnownFileType = sourcecode.swift; path = BudgetCategory.swift; sourceTree = "<group>"; };
		CCF192182EFF46B90053873B /* PeriodSnapshot.swift */ = {isa = PBXFileReference; lastKnownFileType = sourcecode.swift; path = PeriodSnapshot.swift; sourceTree = "<group>"; };
		CCF192192EFF46B90053873B /* UserIncome.swift */ = {isa = PBXFileReference; lastKnownFileType = sourcecode.swift; path = UserIncome.swift; sourceTree = "<group>"; };
		CCF1921E2EFF46E10053873B /* CalendarView.swift */ = {isa = PBXFileReference; lastKnownFileType = sourcecode.swift; path = CalendarView.swift; sourceTree = "<group>"; };
		CCF1921F2EFF46E10053873B /* CircularProgressRing.swift */ = {isa = PBXFileReference; lastKnownFileType = sourcecode.swift; path = CircularProgressRing.swift; sourceTree = "<group>"; };
		CCF192202EFF46E10053873B /* DashboardCategoryCard.swift */ = {isa = PBXFileReference; lastKnownFileType = sourcecode.swift; path = DashboardCategoryCard.swift; sourceTree = "<group>"; };
		CCF19220TRNEW1 /* TransactionRowView.swift */ = {isa = PBXFileReference; lastKnownFileType = sourcecode.swift; path = TransactionRowView.swift; sourceTree = "<group>"; };
		CCF192212EFF46E10053873B /* GraphView.swift */ = {isa = PBXFileReference; lastKnownFileType = sourcecode.swift; path = GraphView.swift; sourceTree = "<group>"; };
		CCF192232EFF46E10053873B /* GrandSchemeView.swift */ = {isa = PBXFileReference; lastKnownFileType = sourcecode.swift; path = GrandSchemeView.swift; sourceTree = "<group>"; };
		CCF192242EFF46E10053873B /* MainTabView.swift */ = {isa = PBXFileReference; lastKnownFileType = sourcecode.swift; path = MainTabView.swift; sourceTree = "<group>"; };
		CCF192252EFF46E10053873B /* MyBudgetView.swift */ = {isa = PBXFileReference; lastKnownFileType = sourcecode.swift; path = MyBudgetView.swift; sourceTree = "<group>"; };
		CCF1922D2EFF46F60053873B /* BudgetViewModel.swift */ = {isa = PBXFileReference; lastKnownFileType = sourcecode.swift; path = BudgetViewModel.swift; sourceTree = "<group>"; };
		CCF1922E2EFF46F60053873B /* HistoryViewModel.swift */ = {isa = PBXFileReference; lastKnownFileType = sourcecode.swift; path = HistoryViewModel.swift; sourceTree = "<group>"; };
		CCF192312EFF47050053873B /* SnapshotService.swift */ = {isa = PBXFileReference; lastKnownFileType = sourcecode.swift; path = SnapshotService.swift; sourceTree = "<group>"; };
		CCF192322EFF47050053873B /* TaxService.swift */ = {isa = PBXFileReference; lastKnownFileType = sourcecode.swift; path = TaxService.swift; sourceTree = "<group>"; };
		CCF192362EFF47060053873B /* BackendService.swift */ = {isa = PBXFileReference; lastKnownFileType = sourcecode.swift; path = BackendService.swift; sourceTree = "<group>"; };
		CCF192372EFFNEW1 /* BudgetPlan.swift */ = {isa = PBXFileReference; lastKnownFileType = sourcecode.swift; path = BudgetPlan.swift; sourceTree = "<group>"; };
		CCF2FC372F0640A300DC07DC /* BalancingDestination.swift */ = {isa = PBXFileReference; lastKnownFileType = sourcecode.swift; path = BalancingDestination.swift; sourceTree = "<group>"; };
		CCF2FC382F0640A300DC07DC /* MonthEndBalance.swift */ = {isa = PBXFileReference; lastKnownFileType = sourcecode.swift; path = MonthEndBalance.swift; sourceTree = "<group>"; };
		CCF2FC392F0640A300DC07DC /* MonthWrappedStats.swift */ = {isa = PBXFileReference; lastKnownFileType = sourcecode.swift; path = MonthWrappedStats.swift; sourceTree = "<group>"; };
		CCF2FC3D2F0640E800DC07DC /* MonthEndBalancingService.swift */ = {isa = PBXFileReference; lastKnownFileType = sourcecode.swift; path = MonthEndBalancingService.swift; sourceTree = "<group>"; };
		CCF2FC3F2F06414C00DC07DC /* BackendRegistrationView.swift */ = {isa = PBXFileReference; lastKnownFileType = sourcecode.swift; path = BackendRegistrationView.swift; sourceTree = "<group>"; };
		CCF2FC412F06414C00DC07DC /* BalancingSummaryView.swift */ = {isa = PBXFileReference; lastKnownFileType = sourcecode.swift; path = BalancingSummaryView.swift; sourceTree = "<group>"; };
		CCF2FC432F06414C00DC07DC /* MonthWrappedView.swift */ = {isa = PBXFileReference; lastKnownFileType = sourcecode.swift; path = MonthWrappedView.swift; sourceTree = "<group>"; };
		CCF2FC442F06414C00DC07DC /* ReviewDataView.swift */ = {isa = PBXFileReference; lastKnownFileType = sourcecode.swift; path = ReviewDataView.swift; sourceTree = "<group>"; };
		CCF2FC4C2F0641E700DC07DC /* CategoryBalance.swift */ = {isa = PBXFileReference; lastKnownFileType = sourcecode.swift; path = CategoryBalance.swift; sourceTree = "<group>"; };
		CCF2FC4E2F0641FC00DC07DC /* MonthEndBalancingViewModel.swift */ = {isa = PBXFileReference; lastKnownFileType = sourcecode.swift; path = MonthEndBalancingViewModel.swift; sourceTree = "<group>"; };
		D4B2BE150C85F672A42D4B73 /* TransactionAllocation.swift */ = {isa = PBXFileReference; lastKnownFileType = sourcecode.swift; path = TransactionAllocation.swift; sourceTree = "<group>"; };
		DF9DBF7F264C2F518E52B125 /* DebtService.swift */ = {isa = PBXFileReference; lastKnownFileType = sourcecode.swift; path = DebtService.swift; sourceTree = "<group>"; };
/* End PBXFileReference section */

/* Begin PBXFrameworksBuildPhase section */
		1A000019 /* Frameworks */ = {
			isa = PBXFrameworksBuildPhase;
			buildActionMask = 2147483647;
			files = (
			);
			runOnlyForDeploymentPostprocessing = 0;
		};
/* End PBXFrameworksBuildPhase section */

/* Begin PBXGroup section */
		1A00001B /* BudgetInsight */ = {
			isa = PBXGroup;
			children = (
				1A000002 /* BudgetInsightApp.swift */,
				1A00001D /* Models */,
				1A00001E /* Views */,
				1A00001F /* ViewModels */,
				1A000020 /* Services */,
				1A000006 /* Assets.xcassets */,
			);
			path = BudgetInsight;
			sourceTree = "<group>";
		};
		1A00001C /* Products */ = {
			isa = PBXGroup;
			children = (
				1A000001 /* BudgetInsight.app */,
			);
			name = Products;
			sourceTree = "<group>";
		};
		1A00001D /* Models */ = {
			isa = PBXGroup;
			children = (
				CCF2FC4C2F0641E700DC07DC /* CategoryBalance.swift */,
				1A00000C /* Transaction.swift */,
				CCF192172EFF46B90053873B /* BudgetCategory.swift */,
				CCF192182EFF46B90053873B /* PeriodSnapshot.swift */,
				CCF192192EFF46B90053873B /* UserIncome.swift */,
				CCF192372EFFNEW1 /* BudgetPlan.swift */,
				3677BCF0A539CB986B5C63FD /* Fund.swift */,
				049950824A4A647CD9DCBF71 /* Debt.swift */,
				D4B2BE150C85F672A42D4B73 /* TransactionAllocation.swift */,
				CCF2FC372F0640A300DC07DC /* BalancingDestination.swift */,
				CCF2FC382F0640A300DC07DC /* MonthEndBalance.swift */,
				CCF2FC392F0640A300DC07DC /* MonthWrappedStats.swift */,
			);
			path = Models;
			sourceTree = "<group>";
		};
		1A00001E /* Views */ = {
			isa = PBXGroup;
			children = (
				CCF2FC3F2F06414C00DC07DC /* BackendRegistrationView.swift */,
				CCF2FC452F06414C00DC07DC /* MonthEnd */,
				CC762D2C2F0383EE00DB650A /* EditTransactionView.swift */,
				CCF192222EFF46E10053873B /* Components */,
				CCF192232EFF46E10053873B /* GrandSchemeView.swift */,
				CCF192242EFF46E10053873B /* MainTabView.swift */,
				CCF192252EFF46E10053873B /* MyBudgetView.swift */,
				1A000004 /* ContentView.swift */,
				1A000008 /* DashboardView.swift */,
				1A000016 /* CategoryCard.swift */,
				1A000048 /* ManualEntryView.swift */,
				73E0DAAE7F3A4695195AF185 /* PerennialView.swift */,
				A7AAF4163D8BBD77E2A153FD /* FundDetailView.swift */,
				ABE3D54C69884491F123DF6B /* DebtDetailView.swift */,
				BE78E7916D7B97B1AC7FD227 /* MonthEndBalancingView.swift */,
			);
			path = Views;
			sourceTree = "<group>";
		};
		1A00001F /* ViewModels */ = {
			isa = PBXGroup;
			children = (
				CCF2FC4E2F0641FC00DC07DC /* MonthEndBalancingViewModel.swift */,
				CCF1922D2EFF46F60053873B /* BudgetViewModel.swift */,
				CCF1922E2EFF46F60053873B /* HistoryViewModel.swift */,
				1A000010 /* DashboardViewModel.swift */,
			);
			path = ViewModels;
			sourceTree = "<group>";
		};
		1A000020 /* Services */ = {
			isa = PBXGroup;
			children = (
				CCF2FC3D2F0640E800DC07DC /* MonthEndBalancingService.swift */,
				CCF192312EFF47050053873B /* SnapshotService.swift */,
				CCF192322EFF47050053873B /* TaxService.swift */,
				1A000012 /* KeychainService.swift */,
				1A000014 /* BudgetService.swift */,
				1A000044 /* TransactionStorageService.swift */,
				CCF192362EFF47060053873B /* BackendService.swift */,
				BA4D4D040B401A2E2324017C /* FundService.swift */,
				DF9DBF7F264C2F518E52B125 /* DebtService.swift */,
				92BA0EBBD9009CE02A0CC43E /* AllocationService.swift */,
			);
			path = Services;
			sourceTree = "<group>";
		};
		1A00003D = {
			isa = PBXGroup;
			children = (
				1A00001B /* BudgetInsight */,
				1A00001C /* Products */,
			);
			sourceTree = "<group>";
		};
		CCF192222EFF46E10053873B /* Components */ = {
			isa = PBXGroup;
			children = (
				CCF1921E2EFF46E10053873B /* CalendarView.swift */,
				CCF1921F2EFF46E10053873B /* CircularProgressRing.swift */,
				CCF192202EFF46E10053873B /* DashboardCategoryCard.swift */,
				CCF19220TRNEW1 /* TransactionRowView.swift */,
				CCF192212EFF46E10053873B /* GraphView.swift */,
			);
			path = Components;
			sourceTree = "<group>";
		};
		CCF2FC452F06414C00DC07DC /* MonthEnd */ = {
			isa = PBXGroup;
			children = (
				CCF2FC412F06414C00DC07DC /* BalancingSummaryView.swift */,
				CCF2FC432F06414C00DC07DC /* MonthWrappedView.swift */,
				CCF2FC442F06414C00DC07DC /* ReviewDataView.swift */,
			);
			path = MonthEnd;
			sourceTree = "<group>";
		};
/* End PBXGroup section */

/* Begin PBXNativeTarget section */
		1A000021 /* BudgetInsight */ = {
			isa = PBXNativeTarget;
			buildConfigurationList = 1A000022 /* Build configuration list for PBXNativeTarget "BudgetInsight" */;
			buildPhases = (
				1A000023 /* Sources */,
				1A000019 /* Frameworks */,
				1A000024 /* Resources */,
			);
			buildRules = (
			);
			dependencies = (
			);
			name = BudgetInsight;
			packageProductDependencies = (
			);
			productName = BudgetInsight;
			productReference = 1A000001 /* BudgetInsight.app */;
			productType = "com.apple.product-type.application";
		};
/* End PBXNativeTarget section */

/* Begin PBXProject section */
		1A000025 /* Project object */ = {
			isa = PBXProject;
			attributes = {
				BuildIndependentTargetsInParallel = 1;
				LastSwiftUpdateCheck = 1500;
				LastUpgradeCheck = 1500;
				TargetAttributes = {
					1A000021 = {
						CreatedOnToolsVersion = 15.0;
					};
				};
			};
			buildConfigurationList = 1A000026 /* Build configuration list for PBXProject "BudgetInsight" */;
			compatibilityVersion = "Xcode 14.0";
			developmentRegion = en;
			hasScannedForEncodings = 0;
			knownRegions = (
				en,
				Base,
			);
			mainGroup = 1A00003D;
			productRefGroup = 1A00001C /* Products */;
			projectDirPath = "";
			projectRoot = "";
			targets = (
				1A000021 /* BudgetInsight */,
			);
		};
/* End PBXProject section */

/* Begin PBXResourcesBuildPhase section */
		1A000024 /* Resources */ = {
			isa = PBXResourcesBuildPhase;
			buildActionMask = 2147483647;
			files = (
				1A000032 /* Assets.xcassets in Resources */,
			);
			runOnlyForDeploymentPostprocessing = 0;
		};
/* End PBXResourcesBuildPhase section */

/* Begin PBXSourcesBuildPhase section */
		1A000023 /* Sources */ = {
			isa = PBXSourcesBuildPhase;
			buildActionMask = 2147483647;
			files = (
				1A000030 /* BudgetInsightApp.swift in Sources */,
				1A000031 /* ContentView.swift in Sources */,
				1A000033 /* DashboardView.swift in Sources */,
				1A000035 /* Transaction.swift in Sources */,
				CCF2FC4D2F0641E700DC07DC /* CategoryBalance.swift in Sources */,
				CCF1921A2EFF46B90053873B /* PeriodSnapshot.swift in Sources */,
				CCF1921B2EFF46B90053873B /* UserIncome.swift in Sources */,
				CCF192332EFF47050053873B /* SnapshotService.swift in Sources */,
				CC762D2D2F0383EE00DB650A /* EditTransactionView.swift in Sources */,
				CCF2FC472F06414C00DC07DC /* ReviewDataView.swift in Sources */,
				CCF2FC482F06414C00DC07DC /* MonthWrappedView.swift in Sources */,
				CCF2FC492F06414C00DC07DC /* BalancingSummaryView.swift in Sources */,
				CCF2FC4A2F06414C00DC07DC /* BackendRegistrationView.swift in Sources */,
				CCF192342EFF47050053873B /* TaxService.swift in Sources */,
				CCF1921D2EFF46B90053873B /* BudgetCategory.swift in Sources */,
				CCF1921E2EFFNEW1 /* BudgetPlan.swift in Sources */,
				CCF2FC4F2F0641FC00DC07DC /* MonthEndBalancingViewModel.swift in Sources */,
				1A000037 /* DashboardViewModel.swift in Sources */,
				CCF1922F2EFF46F60053873B /* BudgetViewModel.swift in Sources */,
				CCF192302EFF46F60053873B /* HistoryViewModel.swift in Sources */,
				CCF2FC3E2F0640E800DC07DC /* MonthEndBalancingService.swift in Sources */,
				CCF192262EFF46E10053873B /* CalendarView.swift in Sources */,
				CCF192272EFF46E10053873B /* MyBudgetView.swift in Sources */,
				CCF192282EFF46E10053873B /* CircularProgressRing.swift in Sources */,
				CCF2FC3A2F0640A300DC07DC /* MonthEndBalance.swift in Sources */,
				CCF2FC3B2F0640A300DC07DC /* MonthWrappedStats.swift in Sources */,
				CCF2FC3C2F0640A300DC07DC /* BalancingDestination.swift in Sources */,
				CCF192292EFF46E10053873B /* DashboardCategoryCard.swift in Sources */,
				CCF19229TRNEW1 /* TransactionRowView.swift in Sources */,
				CCF1922A2EFF46E10053873B /* MainTabView.swift in Sources */,
				CCF1922B2EFF46E10053873B /* GraphView.swift in Sources */,
				CCF1922C2EFF46E10053873B /* GrandSchemeView.swift in Sources */,
				1A000038 /* KeychainService.swift in Sources */,
				1A000039 /* BudgetService.swift in Sources */,
				1A00003A /* CategoryCard.swift in Sources */,
				1A00003E /* TransactionStorageService.swift in Sources */,
				1A000040 /* ManualEntryView.swift in Sources */,
				CCF192352EFF47060053873B /* BackendService.swift in Sources */,
				27E7286EBB14B82EF51DBB7E /* Fund.swift in Sources */,
				0BB1920308E41E8F573918BD /* Debt.swift in Sources */,
				0086C9BFDE043BD5E65AED6C /* TransactionAllocation.swift in Sources */,
				CF8860D17823D2D67FC6BE07 /* FundService.swift in Sources */,
				1CD1A1B56AA728C87AFB942E /* DebtService.swift in Sources */,
				22FAC9F59FEC92C48CD8FB82 /* AllocationService.swift in Sources */,
				879C74220C88B0CF078C4BC0 /* PerennialView.swift in Sources */,
				4731ECEAC2C7CCF59B3E2F1A /* FundDetailView.swift in Sources */,
				4ED36309FA7E70E345CCFA57 /* DebtDetailView.swift in Sources */,
				91633780F11A36DA7BAC8026 /* MonthEndBalancingView.swift in Sources */,
			);
			runOnlyForDeploymentPostprocessing = 0;
		};
/* End PBXSourcesBuildPhase section */

/* Begin XCBuildConfiguration section */
		1A000027 /* Debug */ = {
			isa = XCBuildConfiguration;
			buildSettings = {
				ALWAYS_SEARCH_USER_PATHS = NO;
				ASSETCATALOG_COMPILER_APPICON_NAME = AppIcon;
				ASSETCATALOG_COMPILER_GLOBAL_ACCENT_COLOR_NAME = AccentColor;
				CLANG_ANALYZER_NONNULL = YES;
				CLANG_ANALYZER_NUMBER_OBJECT_CONVERSION = YES_AGGRESSIVE;
				CLANG_CXX_LANGUAGE_STANDARD = "gnu++20";
				CLANG_ENABLE_MODULES = YES;
				CLANG_ENABLE_OBJC_ARC = YES;
				CLANG_ENABLE_OBJC_WEAK = YES;
				CLANG_WARN_BLOCK_CAPTURE_AUTORELEASING = YES;
				CLANG_WARN_BOOL_CONVERSION = YES;
				CLANG_WARN_COMMA = YES;
				CLANG_WARN_CONSTANT_CONVERSION = YES;
				CLANG_WARN_DEPRECATED_OBJC_IMPLEMENTATIONS = YES;
				CLANG_WARN_DIRECT_OBJC_ISA_USAGE = YES_ERROR;
				CLANG_WARN_DOCUMENTATION_COMMENTS = YES;
				CLANG_WARN_EMPTY_BODY = YES;
				CLANG_WARN_ENUM_CONVERSION = YES;
				CLANG_WARN_INFINITE_RECURSION = YES;
				CLANG_WARN_INT_CONVERSION = YES;
				CLANG_WARN_NON_LITERAL_NULL_CONVERSION = YES;
				CLANG_WARN_OBJC_IMPLICIT_RETAIN_SELF = YES;
				CLANG_WARN_OBJC_LITERAL_CONVERSION = YES;
				CLANG_WARN_OBJC_ROOT_CLASS = YES_ERROR;
				CLANG_WARN_QUOTED_INCLUDE_IN_FRAMEWORK_HEADER = YES;
				CLANG_WARN_RANGE_LOOP_ANALYSIS = YES;
				CLANG_WARN_STRICT_PROTOTYPES = YES;
				CLANG_WARN_SUSPICIOUS_MOVE = YES;
				CLANG_WARN_UNGUARDED_AVAILABILITY = YES_AGGRESSIVE;
				CLANG_WARN_UNREACHABLE_CODE = YES;
				CLANG_WARN__DUPLICATE_METHOD_MATCH = YES;
				CODE_SIGN_STYLE = Automatic;
				COPY_PHASE_STRIP = NO;
				CURRENT_PROJECT_VERSION = 1;
				DEBUG_INFORMATION_FORMAT = dwarf;
				DEVELOPMENT_TEAM = WP7LUUC385;
				ENABLE_STRICT_OBJC_MSGSEND = YES;
				ENABLE_TESTABILITY = YES;
				GCC_C_LANGUAGE_STANDARD = gnu11;
				GCC_DYNAMIC_NO_PIC = NO;
				GCC_NO_COMMON_BLOCKS = YES;
				GCC_OPTIMIZATION_LEVEL = 0;
				GCC_PREPROCESSOR_DEFINITIONS = (
					"DEBUG=1",
					"$(inherited)",
				);
				GCC_WARN_64_TO_32_BIT_CONVERSION = YES;
				GCC_WARN_ABOUT_RETURN_TYPE = YES_ERROR;
				GCC_WARN_UNDECLARED_SELECTOR = YES;
				GCC_WARN_UNINITIALIZED_AUTOS = YES_AGGRESSIVE;
				GCC_WARN_UNUSED_FUNCTION = YES;
				GCC_WARN_UNUSED_VARIABLE = YES;
				GENERATE_INFOPLIST_FILE = YES;
				INFOPLIST_KEY_UIApplicationSceneManifest_Generation = YES;
				INFOPLIST_KEY_UIApplicationSupportsIndirectInputEvents = YES;
				INFOPLIST_KEY_UILaunchScreen_Generation = YES;
				INFOPLIST_KEY_UISupportedInterfaceOrientations = UIInterfaceOrientationPortrait;
				INFOPLIST_KEY_UISupportedInterfaceOrientations_iPad = "UIInterfaceOrientationLandscapeLeft UIInterfaceOrientationLandscapeRight UIInterfaceOrientationPortrait UIInterfaceOrientationPortraitUpsideDown";
				IPHONEOS_DEPLOYMENT_TARGET = 16.0;
				LD_RUNPATH_SEARCH_PATHS = (
					"$(inherited)",
					"@executable_path/Frameworks",
				);
				MARKETING_VERSION = 1.0;
				MTL_ENABLE_DEBUG_INFO = INCLUDE_SOURCE;
				MTL_FAST_MATH = YES;
				ONLY_ACTIVE_ARCH = YES;
				PRODUCT_BUNDLE_IDENTIFIER = com.budgetinsight.app;
				PRODUCT_NAME = "$(TARGET_NAME)";
				SDKROOT = iphoneos;
				SWIFT_ACTIVE_COMPILATION_CONDITIONS = DEBUG;
				SWIFT_OPTIMIZATION_LEVEL = "-Onone";
				SWIFT_VERSION = 5.0;
				TARGETED_DEVICE_FAMILY = "1,2";
			};
			name = Debug;
		};
		1A000028 /* Release */ = {
			isa = XCBuildConfiguration;
			buildSettings = {
				ALWAYS_SEARCH_USER_PATHS = NO;
				ASSETCATALOG_COMPILER_APPICON_NAME = AppIcon;
				ASSETCATALOG_COMPILER_GLOBAL_ACCENT_COLOR_NAME = AccentColor;
				CLANG_ANALYZER_NONNULL = YES;
				CLANG_ANALYZER_NUMBER_OBJECT_CONVERSION = YES_AGGRESSIVE;
				CLANG_CXX_LANGUAGE_STANDARD = "gnu++20";
				CLANG_ENABLE_MODULES = YES;
				CLANG_ENABLE_OBJC_ARC = YES;
				CLANG_ENABLE_OBJC_WEAK = YES;
				CLANG_WARN_BLOCK_CAPTURE_AUTORELEASING = YES;
				CLANG_WARN_BOOL_CONVERSION = YES;
				CLANG_WARN_COMMA = YES;
				CLANG_WARN_CONSTANT_CONVERSION = YES;
				CLANG_WARN_DEPRECATED_OBJC_IMPLEMENTATIONS = YES;
				CLANG_WARN_DIRECT_OBJC_ISA_USAGE = YES_ERROR;
				CLANG_WARN_DOCUMENTATION_COMMENTS = YES;
				CLANG_WARN_EMPTY_BODY = YES;
				CLANG_WARN_ENUM_CONVERSION = YES;
				CLANG_WARN_INFINITE_RECURSION = YES;
				CLANG_WARN_INT_CONVERSION = YES;
				CLANG_WARN_NON_LITERAL_NULL_CONVERSION = YES;
				CLANG_WARN_OBJC_IMPLICIT_RETAIN_SELF = YES;
				CLANG_WARN_OBJC_LITERAL_CONVERSION = YES;
				CLANG_WARN_OBJC_ROOT_CLASS = YES_ERROR;
				CLANG_WARN_QUOTED_INCLUDE_IN_FRAMEWORK_HEADER = YES;
				CLANG_WARN_RANGE_LOOP_ANALYSIS = YES;
				CLANG_WARN_STRICT_PROTOTYPES = YES;
				CLANG_WARN_SUSPICIOUS_MOVE = YES;
				CLANG_WARN_UNGUARDED_AVAILABILITY = YES_AGGRESSIVE;
				CLANG_WARN_UNREACHABLE_CODE = YES;
				CLANG_WARN__DUPLICATE_METHOD_MATCH = YES;
				CODE_SIGN_STYLE = Automatic;
				COPY_PHASE_STRIP = NO;
				CURRENT_PROJECT_VERSION = 1;
				DEBUG_INFORMATION_FORMAT = "dwarf-with-dsym";
				DEVELOPMENT_TEAM = WP7LUUC385;
				ENABLE_NS_ASSERTIONS = NO;
				ENABLE_STRICT_OBJC_MSGSEND = YES;
				GCC_C_LANGUAGE_STANDARD = gnu11;
				GCC_NO_COMMON_BLOCKS = YES;
				GCC_WARN_64_TO_32_BIT_CONVERSION = YES;
				GCC_WARN_ABOUT_RETURN_TYPE = YES_ERROR;
				GCC_WARN_UNDECLARED_SELECTOR = YES;
				GCC_WARN_UNINITIALIZED_AUTOS = YES_AGGRESSIVE;
				GCC_WARN_UNUSED_FUNCTION = YES;
				GCC_WARN_UNUSED_VARIABLE = YES;
				GENERATE_INFOPLIST_FILE = YES;
				INFOPLIST_KEY_UIApplicationSceneManifest_Generation = YES;
				INFOPLIST_KEY_UIApplicationSupportsIndirectInputEvents = YES;
				INFOPLIST_KEY_UILaunchScreen_Generation = YES;
				INFOPLIST_KEY_UISupportedInterfaceOrientations = UIInterfaceOrientationPortrait;
				INFOPLIST_KEY_UISupportedInterfaceOrientations_iPad = "UIInterfaceOrientationLandscapeLeft UIInterfaceOrientationLandscapeRight UIInterfaceOrientationPortrait UIInterfaceOrientationPortraitUpsideDown";
				IPHONEOS_DEPLOYMENT_TARGET = 16.0;
				LD_RUNPATH_SEARCH_PATHS = (
					"$(inherited)",
					"@executable_path/Frameworks",
				);
				MARKETING_VERSION = 1.0;
				MTL_ENABLE_DEBUG_INFO = NO;
				MTL_FAST_MATH = YES;
				PRODUCT_BUNDLE_IDENTIFIER = com.budgetinsight.app;
				PRODUCT_NAME = "$(TARGET_NAME)";
				SDKROOT = iphoneos;
				SWIFT_COMPILATION_MODE = wholemodule;
				SWIFT_OPTIMIZATION_LEVEL = "-O";
				SWIFT_VERSION = 5.0;
				TARGETED_DEVICE_FAMILY = "1,2";
				VALIDATE_PRODUCT = YES;
			};
			name = Release;
		};
/* End XCBuildConfiguration section */

/* Begin XCConfigurationList section */
		1A000022 /* Build configuration list for PBXNativeTarget "BudgetInsight" */ = {
			isa = XCConfigurationList;
			buildConfigurations = (
				1A000027 /* Debug */,
				1A000028 /* Release */,
			);
			defaultConfigurationIsVisible = 0;
			defaultConfigurationName = Release;
		};
		1A000026 /* Build configuration list for PBXProject "BudgetInsight" */ = {
			isa = XCConfigurationList;
			buildConfigurations = (
				1A000027 /* Debug */,
				1A000028 /* Release */,
			);
			defaultConfigurationIsVisible = 0;
			defaultConfigurationName = Release;
		};
/* End XCConfigurationList section */
	};
	rootObject = 1A000025 /* Project object */;
}
