// !$*UTF8*$!
{
	archiveVersion = 1;
	classes = {
	};
	objectVersion = 56;
	objects = {

/* Begin PBXBuildFile section */
		1A000030 /* BudgetInsightApp.swift in Sources */ = {isa = PBXBuildFile; fileRef = 1A000002 /* BudgetInsightApp.swift */; };
		1A000031 /* ContentView.swift in Sources */ = {isa = PBXBuildFile; fileRef = 1A000004 /* ContentView.swift */; };
		1A000032 /* Assets.xcassets in Resources */ = {isa = PBXBuildFile; fileRef = 1A000006 /* Assets.xcassets */; };
		1A000033 /* DashboardView.swift in Sources */ = {isa = PBXBuildFile; fileRef = 1A000008 /* DashboardView.swift */; };
		1A000035 /* Transaction.swift in Sources */ = {isa = PBXBuildFile; fileRef = 1A00000C /* Transaction.swift */; };
		1A000036 /* Budget.swift in Sources */ = {isa = PBXBuildFile; fileRef = 1A00000E /* Budget.swift */; };
		1A000037 /* DashboardViewModel.swift in Sources */ = {isa = PBXBuildFile; fileRef = 1A000010 /* DashboardViewModel.swift */; };
		1A000038 /* KeychainService.swift in Sources */ = {isa = PBXBuildFile; fileRef = 1A000012 /* KeychainService.swift */; };
		1A000039 /* BudgetService.swift in Sources */ = {isa = PBXBuildFile; fileRef = 1A000014 /* BudgetService.swift */; };
		1A00003A /* CategoryCard.swift in Sources */ = {isa = PBXBuildFile; fileRef = 1A000016 /* CategoryCard.swift */; };
		1A00003B /* SpendingInsights.swift in Sources */ = {isa = PBXBuildFile; fileRef = 1A000018 /* SpendingInsights.swift */; };
		1A00003C /* TransactionAlert.swift in Sources */ = {isa = PBXBuildFile; fileRef = 1A000042 /* TransactionAlert.swift */; };
		1A00003E /* TransactionStorageService.swift in Sources */ = {isa = PBXBuildFile; fileRef = 1A000044 /* TransactionStorageService.swift */; };
		1A00003F /* EmailSetupView.swift in Sources */ = {isa = PBXBuildFile; fileRef = 1A000045 /* EmailSetupView.swift */; };
		1A000040 /* ManualEntryView.swift in Sources */ = {isa = PBXBuildFile; fileRef = 1A000048 /* ManualEntryView.swift */; };
		1A000041 /* NeedsEntryView.swift in Sources */ = {isa = PBXBuildFile; fileRef = 1A000049 /* NeedsEntryView.swift */; };
		1A00004A /* EmailService.swift in Sources */ = {isa = PBXBuildFile; fileRef = 1A000043 /* EmailService.swift */; };
		CCF1921A2EFF46B90053873B /* PeriodSnapshot.swift in Sources */ = {isa = PBXBuildFile; fileRef = CCF192182EFF46B90053873B /* PeriodSnapshot.swift */; };
		CCF1921B2EFF46B90053873B /* UserIncome.swift in Sources */ = {isa = PBXBuildFile; fileRef = CCF192192EFF46B90053873B /* UserIncome.swift */; };
		CCF1921C2EFF46B90053873B /* BudgetAllocation.swift in Sources */ = {isa = PBXBuildFile; fileRef = CCF192162EFF46B90053873B /* BudgetAllocation.swift */; };
		CCF1921D2EFF46B90053873B /* BudgetCategory.swift in Sources */ = {isa = PBXBuildFile; fileRef = CCF192172EFF46B90053873B /* BudgetCategory.swift */; };
		CCF192262EFF46E10053873B /* CalendarView.swift in Sources */ = {isa = PBXBuildFile; fileRef = CCF1921E2EFF46E10053873B /* CalendarView.swift */; };
		CCF192272EFF46E10053873B /* MyBudgetView.swift in Sources */ = {isa = PBXBuildFile; fileRef = CCF192252EFF46E10053873B /* MyBudgetView.swift */; };
		CCF192282EFF46E10053873B /* CircularProgressRing.swift in Sources */ = {isa = PBXBuildFile; fileRef = CCF1921F2EFF46E10053873B /* CircularProgressRing.swift */; };
		CCF192292EFF46E10053873B /* DashboardCategoryCard.swift in Sources */ = {isa = PBXBuildFile; fileRef = CCF192202EFF46E10053873B /* DashboardCategoryCard.swift */; };
		CCF1922A2EFF46E10053873B /* MainTabView.swift in Sources */ = {isa = PBXBuildFile; fileRef = CCF192242EFF46E10053873B /* MainTabView.swift */; };
		CCF1922B2EFF46E10053873B /* GraphView.swift in Sources */ = {isa = PBXBuildFile; fileRef = CCF192212EFF46E10053873B /* GraphView.swift */; };
		CCF1922C2EFF46E10053873B /* GrandSchemeView.swift in Sources */ = {isa = PBXBuildFile; fileRef = CCF192232EFF46E10053873B /* GrandSchemeView.swift */; };
		CCF1922F2EFF46F60053873B /* BudgetViewModel.swift in Sources */ = {isa = PBXBuildFile; fileRef = CCF1922D2EFF46F60053873B /* BudgetViewModel.swift */; };
		CCF192302EFF46F60053873B /* HistoryViewModel.swift in Sources */ = {isa = PBXBuildFile; fileRef = CCF1922E2EFF46F60053873B /* HistoryViewModel.swift */; };
		CCF192332EFF47050053873B /* SnapshotService.swift in Sources */ = {isa = PBXBuildFile; fileRef = CCF192312EFF47050053873B /* SnapshotService.swift */; };
		CCF192342EFF47050053873B /* TaxService.swift in Sources */ = {isa = PBXBuildFile; fileRef = CCF192322EFF47050053873B /* TaxService.swift */; };
/* End PBXBuildFile section */

/* Begin PBXFileReference section */
		1A000001 /* BudgetInsight.app */ = {isa = PBXFileReference; explicitFileType = wrapper.application; includeInIndex = 0; path = BudgetInsight.app; sourceTree = BUILT_PRODUCTS_DIR; };
		1A000002 /* BudgetInsightApp.swift */ = {isa = PBXFileReference; lastKnownFileType = sourcecode.swift; path = BudgetInsightApp.swift; sourceTree = "<group>"; };
		1A000004 /* ContentView.swift */ = {isa = PBXFileReference; lastKnownFileType = sourcecode.swift; path = ContentView.swift; sourceTree = "<group>"; };
		1A000006 /* Assets.xcassets */ = {isa = PBXFileReference; lastKnownFileType = folder.assetcatalog; path = Assets.xcassets; sourceTree = "<group>"; };
		1A000008 /* DashboardView.swift */ = {isa = PBXFileReference; lastKnownFileType = sourcecode.swift; path = DashboardView.swift; sourceTree = "<group>"; };
		1A00000C /* Transaction.swift */ = {isa = PBXFileReference; lastKnownFileType = sourcecode.swift; path = Transaction.swift; sourceTree = "<group>"; };
		1A00000E /* Budget.swift */ = {isa = PBXFileReference; lastKnownFileType = sourcecode.swift; path = Budget.swift; sourceTree = "<group>"; };
		1A000010 /* DashboardViewModel.swift */ = {isa = PBXFileReference; lastKnownFileType = sourcecode.swift; path = DashboardViewModel.swift; sourceTree = "<group>"; };
		1A000012 /* KeychainService.swift */ = {isa = PBXFileReference; lastKnownFileType = sourcecode.swift; path = KeychainService.swift; sourceTree = "<group>"; };
		1A000014 /* BudgetService.swift */ = {isa = PBXFileReference; lastKnownFileType = sourcecode.swift; path = BudgetService.swift; sourceTree = "<group>"; };
		1A000016 /* CategoryCard.swift */ = {isa = PBXFileReference; lastKnownFileType = sourcecode.swift; path = CategoryCard.swift; sourceTree = "<group>"; };
		1A000018 /* SpendingInsights.swift */ = {isa = PBXFileReference; lastKnownFileType = sourcecode.swift; path = SpendingInsights.swift; sourceTree = "<group>"; };
		1A000042 /* TransactionAlert.swift */ = {isa = PBXFileReference; lastKnownFileType = sourcecode.swift; path = TransactionAlert.swift; sourceTree = "<group>"; };
		1A000043 /* EmailService.swift */ = {isa = PBXFileReference; lastKnownFileType = sourcecode.swift; path = EmailService.swift; sourceTree = "<group>"; };
		1A000044 /* TransactionStorageService.swift */ = {isa = PBXFileReference; lastKnownFileType = sourcecode.swift; path = TransactionStorageService.swift; sourceTree = "<group>"; };
		1A000045 /* EmailSetupView.swift */ = {isa = PBXFileReference; lastKnownFileType = sourcecode.swift; path = EmailSetupView.swift; sourceTree = "<group>"; };
		1A000048 /* ManualEntryView.swift */ = {isa = PBXFileReference; lastKnownFileType = sourcecode.swift; path = ManualEntryView.swift; sourceTree = "<group>"; };
		1A000049 /* NeedsEntryView.swift */ = {isa = PBXFileReference; lastKnownFileType = sourcecode.swift; path = NeedsEntryView.swift; sourceTree = "<group>"; };
		CCF192162EFF46B90053873B /* BudgetAllocation.swift */ = {isa = PBXFileReference; lastKnownFileType = sourcecode.swift; path = BudgetAllocation.swift; sourceTree = "<group>"; };
		CCF192172EFF46B90053873B /* BudgetCategory.swift */ = {isa = PBXFileReference; lastKnownFileType = sourcecode.swift; path = BudgetCategory.swift; sourceTree = "<group>"; };
		CCF192182EFF46B90053873B /* PeriodSnapshot.swift */ = {isa = PBXFileReference; lastKnownFileType = sourcecode.swift; path = PeriodSnapshot.swift; sourceTree = "<group>"; };
		CCF192192EFF46B90053873B /* UserIncome.swift */ = {isa = PBXFileReference; lastKnownFileType = sourcecode.swift; path = UserIncome.swift; sourceTree = "<group>"; };
		CCF1921E2EFF46E10053873B /* CalendarView.swift */ = {isa = PBXFileReference; lastKnownFileType = sourcecode.swift; path = CalendarView.swift; sourceTree = "<group>"; };
		CCF1921F2EFF46E10053873B /* CircularProgressRing.swift */ = {isa = PBXFileReference; lastKnownFileType = sourcecode.swift; path = CircularProgressRing.swift; sourceTree = "<group>"; };
		CCF192202EFF46E10053873B /* DashboardCategoryCard.swift */ = {isa = PBXFileReference; lastKnownFileType = sourcecode.swift; path = DashboardCategoryCard.swift; sourceTree = "<group>"; };
		CCF192212EFF46E10053873B /* GraphView.swift */ = {isa = PBXFileReference; lastKnownFileType = sourcecode.swift; path = GraphView.swift; sourceTree = "<group>"; };
		CCF192232EFF46E10053873B /* GrandSchemeView.swift */ = {isa = PBXFileReference; lastKnownFileType = sourcecode.swift; path = GrandSchemeView.swift; sourceTree = "<group>"; };
		CCF192242EFF46E10053873B /* MainTabView.swift */ = {isa = PBXFileReference; lastKnownFileType = sourcecode.swift; path = MainTabView.swift; sourceTree = "<group>"; };
		CCF192252EFF46E10053873B /* MyBudgetView.swift */ = {isa = PBXFileReference; lastKnownFileType = sourcecode.swift; path = MyBudgetView.swift; sourceTree = "<group>"; };
		CCF1922D2EFF46F60053873B /* BudgetViewModel.swift */ = {isa = PBXFileReference; lastKnownFileType = sourcecode.swift; path = BudgetViewModel.swift; sourceTree = "<group>"; };
		CCF1922E2EFF46F60053873B /* HistoryViewModel.swift */ = {isa = PBXFileReference; lastKnownFileType = sourcecode.swift; path = HistoryViewModel.swift; sourceTree = "<group>"; };
		CCF192312EFF47050053873B /* SnapshotService.swift */ = {isa = PBXFileReference; lastKnownFileType = sourcecode.swift; path = SnapshotService.swift; sourceTree = "<group>"; };
		CCF192322EFF47050053873B /* TaxService.swift */ = {isa = PBXFileReference; lastKnownFileType = sourcecode.swift; path = TaxService.swift; sourceTree = "<group>"; };
/* End PBXFileReference section */

/* Begin PBXFrameworksBuildPhase section */
		1A000019 /* Frameworks */ = {
			isa = PBXFrameworksBuildPhase;
			buildActionMask = 2147483647;
			files = (
			);
			runOnlyForDeploymentPostprocessing = 0;
		};
/* End PBXFrameworksBuildPhase section */

/* Begin PBXGroup section */
		1A00001B /* BudgetInsight */ = {
			isa = PBXGroup;
			children = (
				1A000002 /* BudgetInsightApp.swift */,
				1A00001D /* Models */,
				1A00001E /* Views */,
				1A00001F /* ViewModels */,
				1A000020 /* Services */,
				1A000006 /* Assets.xcassets */,
			);
			path = BudgetInsight;
			sourceTree = "<group>";
		};
		1A00001C /* Products */ = {
			isa = PBXGroup;
			children = (
				1A000001 /* BudgetInsight.app */,
			);
			name = Products;
			sourceTree = "<group>";
		};
		1A00001D /* Models */ = {
			isa = PBXGroup;
			children = (
				1A00000C /* Transaction.swift */,
				1A00000E /* Budget.swift */,
				1A000018 /* SpendingInsights.swift */,
				1A000042 /* TransactionAlert.swift */,
				CCF192162EFF46B90053873B /* BudgetAllocation.swift */,
				CCF192172EFF46B90053873B /* BudgetCategory.swift */,
				CCF192182EFF46B90053873B /* PeriodSnapshot.swift */,
				CCF192192EFF46B90053873B /* UserIncome.swift */,
			);
			path = Models;
			sourceTree = "<group>";
		};
		1A00001E /* Views */ = {
			isa = PBXGroup;
			children = (
				CCF192222EFF46E10053873B /* Components */,
				CCF192232EFF46E10053873B /* GrandSchemeView.swift */,
				CCF192242EFF46E10053873B /* MainTabView.swift */,
				CCF192252EFF46E10053873B /* MyBudgetView.swift */,
				1A000004 /* ContentView.swift */,
				1A000008 /* DashboardView.swift */,
				1A000016 /* CategoryCard.swift */,
				1A000045 /* EmailSetupView.swift */,
				1A000048 /* ManualEntryView.swift */,
				1A000049 /* NeedsEntryView.swift */,
			);
			path = Views;
			sourceTree = "<group>";
		};
		1A00001F /* ViewModels */ = {
			isa = PBXGroup;
			children = (
				CCF1922D2EFF46F60053873B /* BudgetViewModel.swift */,
				CCF1922E2EFF46F60053873B /* HistoryViewModel.swift */,
				1A000010 /* DashboardViewModel.swift */,
			);
			path = ViewModels;
			sourceTree = "<group>";
		};
		1A000020 /* Services */ = {
			isa = PBXGroup;
			children = (
				CCF192312EFF47050053873B /* SnapshotService.swift */,
				CCF192322EFF47050053873B /* TaxService.swift */,
				1A000012 /* KeychainService.swift */,
				1A000014 /* BudgetService.swift */,
				1A000043 /* EmailService.swift */,
				1A000044 /* TransactionStorageService.swift */,
			);
			path = Services;
			sourceTree = "<group>";
		};
		1A00003D = {
			isa = PBXGroup;
			children = (
				1A00001B /* BudgetInsight */,
				1A00001C /* Products */,
			);
			sourceTree = "<group>";
		};
		CCF192222EFF46E10053873B /* Components */ = {
			isa = PBXGroup;
			children = (
				CCF1921E2EFF46E10053873B /* CalendarView.swift */,
				CCF1921F2EFF46E10053873B /* CircularProgressRing.swift */,
				CCF192202EFF46E10053873B /* DashboardCategoryCard.swift */,
				CCF192212EFF46E10053873B /* GraphView.swift */,
			);
			path = Components;
			sourceTree = "<group>";
		};
/* End PBXGroup section */

/* Begin PBXNativeTarget section */
		1A000021 /* BudgetInsight */ = {
			isa = PBXNativeTarget;
			buildConfigurationList = 1A000022 /* Build configuration list for PBXNativeTarget "BudgetInsight" */;
			buildPhases = (
				1A000023 /* Sources */,
				1A000019 /* Frameworks */,
				1A000024 /* Resources */,
			);
			buildRules = (
			);
			dependencies = (
			);
			name = BudgetInsight;
			packageProductDependencies = (
			);
			productName = BudgetInsight;
			productReference = 1A000001 /* BudgetInsight.app */;
			productType = "com.apple.product-type.application";
		};
/* End PBXNativeTarget section */

/* Begin PBXProject section */
		1A000025 /* Project object */ = {
			isa = PBXProject;
			attributes = {
				BuildIndependentTargetsInParallel = 1;
				LastSwiftUpdateCheck = 1500;
				LastUpgradeCheck = 1500;
				TargetAttributes = {
					1A000021 = {
						CreatedOnToolsVersion = 15.0;
					};
				};
			};
			buildConfigurationList = 1A000026 /* Build configuration list for PBXProject "BudgetInsight" */;
			compatibilityVersion = "Xcode 14.0";
			developmentRegion = en;
			hasScannedForEncodings = 0;
			knownRegions = (
				en,
				Base,
			);
			mainGroup = 1A00003D;
			productRefGroup = 1A00001C /* Products */;
			projectDirPath = "";
			projectRoot = "";
			targets = (
				1A000021 /* BudgetInsight */,
			);
		};
/* End PBXProject section */

/* Begin PBXResourcesBuildPhase section */
		1A000024 /* Resources */ = {
			isa = PBXResourcesBuildPhase;
			buildActionMask = 2147483647;
			files = (
				1A000032 /* Assets.xcassets in Resources */,
			);
			runOnlyForDeploymentPostprocessing = 0;
		};
/* End PBXResourcesBuildPhase section */

/* Begin PBXSourcesBuildPhase section */
		1A000023 /* Sources */ = {
			isa = PBXSourcesBuildPhase;
			buildActionMask = 2147483647;
			files = (
				1A000030 /* BudgetInsightApp.swift in Sources */,
				1A000031 /* ContentView.swift in Sources */,
				1A000033 /* DashboardView.swift in Sources */,
				1A000035 /* Transaction.swift in Sources */,
				CCF1921A2EFF46B90053873B /* PeriodSnapshot.swift in Sources */,
				CCF1921B2EFF46B90053873B /* UserIncome.swift in Sources */,
				CCF192332EFF47050053873B /* SnapshotService.swift in Sources */,
				CCF192342EFF47050053873B /* TaxService.swift in Sources */,
				CCF1921C2EFF46B90053873B /* BudgetAllocation.swift in Sources */,
				CCF1921D2EFF46B90053873B /* BudgetCategory.swift in Sources */,
				1A000036 /* Budget.swift in Sources */,
				1A000037 /* DashboardViewModel.swift in Sources */,
				CCF1922F2EFF46F60053873B /* BudgetViewModel.swift in Sources */,
				CCF192302EFF46F60053873B /* HistoryViewModel.swift in Sources */,
				CCF192262EFF46E10053873B /* CalendarView.swift in Sources */,
				CCF192272EFF46E10053873B /* MyBudgetView.swift in Sources */,
				CCF192282EFF46E10053873B /* CircularProgressRing.swift in Sources */,
				CCF192292EFF46E10053873B /* DashboardCategoryCard.swift in Sources */,
				CCF1922A2EFF46E10053873B /* MainTabView.swift in Sources */,
				CCF1922B2EFF46E10053873B /* GraphView.swift in Sources */,
				CCF1922C2EFF46E10053873B /* GrandSchemeView.swift in Sources */,
				1A000038 /* KeychainService.swift in Sources */,
				1A000039 /* BudgetService.swift in Sources */,
				1A00003A /* CategoryCard.swift in Sources */,
				1A00003B /* SpendingInsights.swift in Sources */,
				1A00003C /* TransactionAlert.swift in Sources */,
				1A00004A /* EmailService.swift in Sources */,
				1A00003E /* TransactionStorageService.swift in Sources */,
				1A00003F /* EmailSetupView.swift in Sources */,
				1A000040 /* ManualEntryView.swift in Sources */,
				1A000041 /* NeedsEntryView.swift in Sources */,
			);
			runOnlyForDeploymentPostprocessing = 0;
		};
/* End PBXSourcesBuildPhase section */

/* Begin XCBuildConfiguration section */
		1A000027 /* Debug */ = {
			isa = XCBuildConfiguration;
			buildSettings = {
				ALWAYS_SEARCH_USER_PATHS = NO;
				ASSETCATALOG_COMPILER_APPICON_NAME = AppIcon;
				ASSETCATALOG_COMPILER_GLOBAL_ACCENT_COLOR_NAME = AccentColor;
				CLANG_ANALYZER_NONNULL = YES;
				CLANG_ANALYZER_NUMBER_OBJECT_CONVERSION = YES_AGGRESSIVE;
				CLANG_CXX_LANGUAGE_STANDARD = "gnu++20";
				CLANG_ENABLE_MODULES = YES;
				CLANG_ENABLE_OBJC_ARC = YES;
				CLANG_ENABLE_OBJC_WEAK = YES;
				CLANG_WARN_BLOCK_CAPTURE_AUTORELEASING = YES;
				CLANG_WARN_BOOL_CONVERSION = YES;
				CLANG_WARN_COMMA = YES;
				CLANG_WARN_CONSTANT_CONVERSION = YES;
				CLANG_WARN_DEPRECATED_OBJC_IMPLEMENTATIONS = YES;
				CLANG_WARN_DIRECT_OBJC_ISA_USAGE = YES_ERROR;
				CLANG_WARN_DOCUMENTATION_COMMENTS = YES;
				CLANG_WARN_EMPTY_BODY = YES;
				CLANG_WARN_ENUM_CONVERSION = YES;
				CLANG_WARN_INFINITE_RECURSION = YES;
				CLANG_WARN_INT_CONVERSION = YES;
				CLANG_WARN_NON_LITERAL_NULL_CONVERSION = YES;
				CLANG_WARN_OBJC_IMPLICIT_RETAIN_SELF = YES;
				CLANG_WARN_OBJC_LITERAL_CONVERSION = YES;
				CLANG_WARN_OBJC_ROOT_CLASS = YES_ERROR;
				CLANG_WARN_QUOTED_INCLUDE_IN_FRAMEWORK_HEADER = YES;
				CLANG_WARN_RANGE_LOOP_ANALYSIS = YES;
				CLANG_WARN_STRICT_PROTOTYPES = YES;
				CLANG_WARN_SUSPICIOUS_MOVE = YES;
				CLANG_WARN_UNGUARDED_AVAILABILITY = YES_AGGRESSIVE;
				CLANG_WARN_UNREACHABLE_CODE = YES;
				CLANG_WARN__DUPLICATE_METHOD_MATCH = YES;
				CODE_SIGN_STYLE = Automatic;
				COPY_PHASE_STRIP = NO;
				CURRENT_PROJECT_VERSION = 1;
				DEBUG_INFORMATION_FORMAT = dwarf;
				ENABLE_STRICT_OBJC_MSGSEND = YES;
				ENABLE_TESTABILITY = YES;
				GCC_C_LANGUAGE_STANDARD = gnu11;
				GCC_DYNAMIC_NO_PIC = NO;
				GCC_NO_COMMON_BLOCKS = YES;
				GCC_OPTIMIZATION_LEVEL = 0;
				GCC_PREPROCESSOR_DEFINITIONS = (
					"DEBUG=1",
					"$(inherited)",
				);
				GCC_WARN_64_TO_32_BIT_CONVERSION = YES;
				GCC_WARN_ABOUT_RETURN_TYPE = YES_ERROR;
				GCC_WARN_UNDECLARED_SELECTOR = YES;
				GCC_WARN_UNINITIALIZED_AUTOS = YES_AGGRESSIVE;
				GCC_WARN_UNUSED_FUNCTION = YES;
				GCC_WARN_UNUSED_VARIABLE = YES;
				GENERATE_INFOPLIST_FILE = YES;
				INFOPLIST_KEY_UIApplicationSceneManifest_Generation = YES;
				INFOPLIST_KEY_UIApplicationSupportsIndirectInputEvents = YES;
				INFOPLIST_KEY_UILaunchScreen_Generation = YES;
				INFOPLIST_KEY_UISupportedInterfaceOrientations = UIInterfaceOrientationPortrait;
				INFOPLIST_KEY_UISupportedInterfaceOrientations_iPad = "UIInterfaceOrientationLandscapeLeft UIInterfaceOrientationLandscapeRight UIInterfaceOrientationPortrait UIInterfaceOrientationPortraitUpsideDown";
				IPHONEOS_DEPLOYMENT_TARGET = 16.0;
				LD_RUNPATH_SEARCH_PATHS = (
					"$(inherited)",
					"@executable_path/Frameworks",
				);
				MARKETING_VERSION = 1.0;
				MTL_ENABLE_DEBUG_INFO = INCLUDE_SOURCE;
				MTL_FAST_MATH = YES;
				ONLY_ACTIVE_ARCH = YES;
				PRODUCT_BUNDLE_IDENTIFIER = com.budgetinsight.app;
				PRODUCT_NAME = "$(TARGET_NAME)";
				SDKROOT = iphoneos;
				SWIFT_ACTIVE_COMPILATION_CONDITIONS = DEBUG;
				SWIFT_OPTIMIZATION_LEVEL = "-Onone";
				SWIFT_VERSION = 5.0;
				TARGETED_DEVICE_FAMILY = "1,2";
			};
			name = Debug;
		};
		1A000028 /* Release */ = {
			isa = XCBuildConfiguration;
			buildSettings = {
				ALWAYS_SEARCH_USER_PATHS = NO;
				ASSETCATALOG_COMPILER_APPICON_NAME = AppIcon;
				ASSETCATALOG_COMPILER_GLOBAL_ACCENT_COLOR_NAME = AccentColor;
				CLANG_ANALYZER_NONNULL = YES;
				CLANG_ANALYZER_NUMBER_OBJECT_CONVERSION = YES_AGGRESSIVE;
				CLANG_CXX_LANGUAGE_STANDARD = "gnu++20";
				CLANG_ENABLE_MODULES = YES;
				CLANG_ENABLE_OBJC_ARC = YES;
				CLANG_ENABLE_OBJC_WEAK = YES;
				CLANG_WARN_BLOCK_CAPTURE_AUTORELEASING = YES;
				CLANG_WARN_BOOL_CONVERSION = YES;
				CLANG_WARN_COMMA = YES;
				CLANG_WARN_CONSTANT_CONVERSION = YES;
				CLANG_WARN_DEPRECATED_OBJC_IMPLEMENTATIONS = YES;
				CLANG_WARN_DIRECT_OBJC_ISA_USAGE = YES_ERROR;
				CLANG_WARN_DOCUMENTATION_COMMENTS = YES;
				CLANG_WARN_EMPTY_BODY = YES;
				CLANG_WARN_ENUM_CONVERSION = YES;
				CLANG_WARN_INFINITE_RECURSION = YES;
				CLANG_WARN_INT_CONVERSION = YES;
				CLANG_WARN_NON_LITERAL_NULL_CONVERSION = YES;
				CLANG_WARN_OBJC_IMPLICIT_RETAIN_SELF = YES;
				CLANG_WARN_OBJC_LITERAL_CONVERSION = YES;
				CLANG_WARN_OBJC_ROOT_CLASS = YES_ERROR;
				CLANG_WARN_QUOTED_INCLUDE_IN_FRAMEWORK_HEADER = YES;
				CLANG_WARN_RANGE_LOOP_ANALYSIS = YES;
				CLANG_WARN_STRICT_PROTOTYPES = YES;
				CLANG_WARN_SUSPICIOUS_MOVE = YES;
				CLANG_WARN_UNGUARDED_AVAILABILITY = YES_AGGRESSIVE;
				CLANG_WARN_UNREACHABLE_CODE = YES;
				CLANG_WARN__DUPLICATE_METHOD_MATCH = YES;
				CODE_SIGN_STYLE = Automatic;
				COPY_PHASE_STRIP = NO;
				CURRENT_PROJECT_VERSION = 1;
				DEBUG_INFORMATION_FORMAT = "dwarf-with-dsym";
				ENABLE_NS_ASSERTIONS = NO;
				ENABLE_STRICT_OBJC_MSGSEND = YES;
				GCC_C_LANGUAGE_STANDARD = gnu11;
				GCC_NO_COMMON_BLOCKS = YES;
				GCC_WARN_64_TO_32_BIT_CONVERSION = YES;
				GCC_WARN_ABOUT_RETURN_TYPE = YES_ERROR;
				GCC_WARN_UNDECLARED_SELECTOR = YES;
				GCC_WARN_UNINITIALIZED_AUTOS = YES_AGGRESSIVE;
				GCC_WARN_UNUSED_FUNCTION = YES;
				GCC_WARN_UNUSED_VARIABLE = YES;
				GENERATE_INFOPLIST_FILE = YES;
				INFOPLIST_KEY_UIApplicationSceneManifest_Generation = YES;
				INFOPLIST_KEY_UIApplicationSupportsIndirectInputEvents = YES;
				INFOPLIST_KEY_UILaunchScreen_Generation = YES;
				INFOPLIST_KEY_UISupportedInterfaceOrientations = UIInterfaceOrientationPortrait;
				INFOPLIST_KEY_UISupportedInterfaceOrientations_iPad = "UIInterfaceOrientationLandscapeLeft UIInterfaceOrientationLandscapeRight UIInterfaceOrientationPortrait UIInterfaceOrientationPortraitUpsideDown";
				IPHONEOS_DEPLOYMENT_TARGET = 16.0;
				LD_RUNPATH_SEARCH_PATHS = (
					"$(inherited)",
					"@executable_path/Frameworks",
				);
				MARKETING_VERSION = 1.0;
				MTL_ENABLE_DEBUG_INFO = NO;
				MTL_FAST_MATH = YES;
				PRODUCT_BUNDLE_IDENTIFIER = com.budgetinsight.app;
				PRODUCT_NAME = "$(TARGET_NAME)";
				SDKROOT = iphoneos;
				SWIFT_COMPILATION_MODE = wholemodule;
				SWIFT_OPTIMIZATION_LEVEL = "-O";
				SWIFT_VERSION = 5.0;
				TARGETED_DEVICE_FAMILY = "1,2";
				VALIDATE_PRODUCT = YES;
			};
			name = Release;
		};
/* End XCBuildConfiguration section */

/* Begin XCConfigurationList section */
		1A000022 /* Build configuration list for PBXNativeTarget "BudgetInsight" */ = {
			isa = XCConfigurationList;
			buildConfigurations = (
				1A000027 /* Debug */,
				1A000028 /* Release */,
			);
			defaultConfigurationIsVisible = 0;
			defaultConfigurationName = Release;
		};
		1A000026 /* Build configuration list for PBXProject "BudgetInsight" */ = {
			isa = XCConfigurationList;
			buildConfigurations = (
				1A000027 /* Debug */,
				1A000028 /* Release */,
			);
			defaultConfigurationIsVisible = 0;
			defaultConfigurationName = Release;
		};
/* End XCConfigurationList section */
	};
	rootObject = 1A000025 /* Project object */;
}
